{
    "_readme": [
        "This file locks the dependencies of your project to a known state",
        "Read more about it at https://getcomposer.org/doc/01-basic-usage.md#installing-dependencies",
        "This file is @generated automatically"
    ],
    "content-hash": "12cb5724a26ac8b1ecbc48869ff23c2f",
    "packages": [
        {
            "name": "paquettg/php-html-parser",
            "version": "dev-master",
            "source": {
                "type": "git",
                "url": "https://github.com/paquettg/php-html-parser.git",
                "reference": "77e4a44b0916690b4300fe9abf98fd05bbba48f0"
            },
            "dist": {
                "type": "zip",
                "url": "https://api.github.com/repos/paquettg/php-html-parser/zipball/77e4a44b0916690b4300fe9abf98fd05bbba48f0",
                "reference": "77e4a44b0916690b4300fe9abf98fd05bbba48f0",
                "shasum": ""
            },
            "require": {
                "ext-mbstring": "*",
                "paquettg/string-encode": "~1.0.0",
                "php": ">=7.1"
            },
            "require-dev": {
                "mockery/mockery": "^1.2",
                "php-coveralls/php-coveralls": "^2.1",
                "phpunit/phpunit": "^7.5.1"
            },
            "type": "library",
            "autoload": {
                "psr-0": {
                    "PHPHtmlParser": "src/"
                }
            },
            "notification-url": "https://packagist.org/downloads/",
            "license": [
                "MIT"
            ],
            "authors": [
                {
                    "name": "Gilles Paquette",
                    "email": "paquettg@gmail.com",
                    "homepage": "http://gillespaquette.ca"
                }
            ],
            "description": "An HTML DOM parser. It allows you to manipulate HTML. Find tags on an HTML page with selectors just like jQuery.",
            "homepage": "https://github.com/paquettg/php-html-parser",
            "keywords": [
                "dom",
                "html",
                "parser"
            ],
            "time": "2019-02-10T01:35:49+00:00"
        },
        {
            "name": "paquettg/string-encode",
            "version": "1.0.1",
            "source": {
                "type": "git",
                "url": "https://github.com/paquettg/string-encoder.git",
                "reference": "a8708e9fac9d5ddfc8fc2aac6004e2cd05d80fee"
            },
            "dist": {
                "type": "zip",
                "url": "https://api.github.com/repos/paquettg/string-encoder/zipball/a8708e9fac9d5ddfc8fc2aac6004e2cd05d80fee",
                "reference": "a8708e9fac9d5ddfc8fc2aac6004e2cd05d80fee",
                "shasum": ""
            },
            "require": {
                "php": ">=7.1"
            },
            "require-dev": {
                "phpunit/phpunit": "^7.5.1"
            },
            "type": "library",
            "autoload": {
                "psr-0": {
                    "stringEncode": "src/"
                }
            },
            "notification-url": "https://packagist.org/downloads/",
            "license": [
                "MIT"
            ],
            "authors": [
                {
                    "name": "Gilles Paquette",
                    "email": "paquettg@gmail.com",
                    "homepage": "http://gillespaquette.ca"
                }
            ],
            "description": "Facilitating the process of altering string encoding in PHP.",
            "homepage": "https://github.com/paquettg/string-encoder",
            "keywords": [
                "charset",
                "encoding",
                "string"
            ],
            "time": "2018-12-21T02:25:09+00:00"
        },
        {
            "name": "portedcheese/seo-integration",
            "version": "dev-master",
            "source": {
                "type": "git",
                "url": "https://github.com/PortedCheese/seo-integration.git",
                "reference": "536facda937ce4bbcfdf382b9888c2b38eb346b0"
            },
            "dist": {
                "type": "zip",
                "url": "https://api.github.com/repos/PortedCheese/seo-integration/zipball/536facda937ce4bbcfdf382b9888c2b38eb346b0",
                "reference": "536facda937ce4bbcfdf382b9888c2b38eb346b0",
                "shasum": ""
            },
            "type": "library",
            "extra": {
                "laravel": {
                    "providers": [
                        "PortedCheese\\SeoIntegration\\SeoIntegrationServiceProvider"
                    ]
                }
            },
            "autoload": {
                "psr-4": {
                    "PortedCheese\\SeoIntegration\\": "src/"
                }
            },
            "notification-url": "https://packagist.org/downloads/",
            "license": [
                "MIT"
            ],
            "authors": [
                {
                    "name": "Vladimir Peshkov",
                    "email": "vladimirpeshkov5@gmail.com"
                }
            ],
            "description": "Interface for seo",
            "time": "2019-04-16T07:50:39+00:00"
        }
    ],
    "packages-dev": [],
    "aliases": [],
    "minimum-stability": "dev",
    "stability-flags": {
        "paquettg/php-html-parser": 20,
        "portedcheese/seo-integration": 20
    },
    "prefer-stable": false,
    "prefer-lowest": false,
    "platform": [],
    "platform-dev": []
}
